
Microsoft Visual Studio Solution File, Format Version 12.00
# Visual Studio 15
VisualStudioVersion = 15.0.27130.0
MinimumVisualStudioVersion = 10.0.40219.1
Project("{FAE04EC0-301F-11D3-BF4B-00C04F79EFBC}") = "Growler", "src\Growler\Growler.csproj", "{98B66CA8-8CDA-4958-B98B-4D9949B4A3B6}"
EndProject
Project("{FAE04EC0-301F-11D3-BF4B-00C04F79EFBC}") = "Toaster", "src\Toaster\Toaster.csproj", "{3D7233A4-4751-4D41-8947-FF6604C9142D}"
EndProject
Project("{FAE04EC0-301F-11D3-BF4B-00C04F79EFBC}") = "Bread", "src\Bread\Bread.csproj", "{B1647F4C-C083-4C92-89AD-8F39F74F6FF6}"
EndProject
Project("{FAE04EC0-301F-11D3-BF4B-00C04F79EFBC}") = "WixSharp Setup", "WixSharp Setup\WixSharp Setup.csproj", "{44555887-C439-470C-944D-8866EC3D7067}"
EndProject
Project("{FAE04EC0-301F-11D3-BF4B-00C04F79EFBC}") = "GrowlerInstaller", "src\GrowlerInstaller\GrowlerInstaller.csproj", "{EF2BF305-2426-4C38-B05A-1B335D58A1BA}"
EndProject
Global
	GlobalSection(SolutionConfigurationPlatforms) = preSolution
		Debug|Any CPU = Debug|Any CPU
		Release|Any CPU = Release|Any CPU
	EndGlobalSection
	GlobalSection(ProjectConfigurationPlatforms) = postSolution
		{98B66CA8-8CDA-4958-B98B-4D9949B4A3B6}.Debug|Any CPU.ActiveCfg = Debug|Any CPU
		{98B66CA8-8CDA-4958-B98B-4D9949B4A3B6}.Debug|Any CPU.Build.0 = Debug|Any CPU
		{98B66CA8-8CDA-4958-B98B-4D9949B4A3B6}.Release|Any CPU.ActiveCfg = Release|Any CPU
		{98B66CA8-8CDA-4958-B98B-4D9949B4A3B6}.Release|Any CPU.Build.0 = Release|Any CPU
		{3D7233A4-4751-4D41-8947-FF6604C9142D}.Debug|Any CPU.ActiveCfg = Debug|Any CPU
		{3D7233A4-4751-4D41-8947-FF6604C9142D}.Debug|Any CPU.Build.0 = Debug|Any CPU
		{3D7233A4-4751-4D41-8947-FF6604C9142D}.Release|Any CPU.ActiveCfg = Release|Any CPU
		{3D7233A4-4751-4D41-8947-FF6604C9142D}.Release|Any CPU.Build.0 = Release|Any CPU
		{B1647F4C-C083-4C92-89AD-8F39F74F6FF6}.Debug|Any CPU.ActiveCfg = Debug|Any CPU
		{B1647F4C-C083-4C92-89AD-8F39F74F6FF6}.Debug|Any CPU.Build.0 = Debug|Any CPU
		{B1647F4C-C083-4C92-89AD-8F39F74F6FF6}.Release|Any CPU.ActiveCfg = Release|Any CPU
		{B1647F4C-C083-4C92-89AD-8F39F74F6FF6}.Release|Any CPU.Build.0 = Release|Any CPU
		{44555887-C439-470C-944D-8866EC3D7067}.Debug|Any CPU.ActiveCfg = Debug|Any CPU
		{44555887-C439-470C-944D-8866EC3D7067}.Debug|Any CPU.Build.0 = Debug|Any CPU
		{44555887-C439-470C-944D-8866EC3D7067}.Release|Any CPU.ActiveCfg = Release|Any CPU
		{44555887-C439-470C-944D-8866EC3D7067}.Release|Any CPU.Build.0 = Release|Any CPU
		{EF2BF305-2426-4C38-B05A-1B335D58A1BA}.Debug|Any CPU.ActiveCfg = Debug|Any CPU
		{EF2BF305-2426-4C38-B05A-1B335D58A1BA}.Debug|Any CPU.Build.0 = Debug|Any CPU
		{EF2BF305-2426-4C38-B05A-1B335D58A1BA}.Release|Any CPU.ActiveCfg = Release|Any CPU
		{EF2BF305-2426-4C38-B05A-1B335D58A1BA}.Release|Any CPU.Build.0 = Release|Any CPU
	EndGlobalSection
	GlobalSection(SolutionProperties) = preSolution
		HideSolutionNode = FALSE
	EndGlobalSection
	GlobalSection(ExtensibilityGlobals) = postSolution
		SolutionGuid = {4CDCEFB4-9347-4CB5-ADB5-49CA79879ACB}
	EndGlobalSection
EndGlobal
